
Microsoft Visual Studio Solution File, Format Version 12.00
# Visual Studio Version 16
VisualStudioVersion = 16.0.31624.102
MinimumVisualStudioVersion = 10.0.40219.1
Project("{FAE04EC0-301F-11D3-BF4B-00C04F79EFBC}") = "SplitFileXML", "SplitFileXML\SplitFileXML.csproj", "{41B17B28-F735-4116-A8F7-1954AC39CCF9}"
EndProject
Global
	GlobalSection(SolutionConfigurationPlatforms) = preSolution
		Debug|Any CPU = Debug|Any CPU
		Release|Any CPU = Release|Any CPU
	EndGlobalSection
	GlobalSection(ProjectConfigurationPlatforms) = postSolution
		{41B17B28-F735-4116-A8F7-1954AC39CCF9}.Debug|Any CPU.ActiveCfg = Debug|Any CPU
		{41B17B28-F735-4116-A8F7-1954AC39CCF9}.Debug|Any CPU.Build.0 = Debug|Any CPU
		{41B17B28-F735-4116-A8F7-1954AC39CCF9}.Release|Any CPU.ActiveCfg = Release|Any CPU
		{41B17B28-F735-4116-A8F7-1954AC39CCF9}.Release|Any CPU.Build.0 = Release|Any CPU
	EndGlobalSection
	GlobalSection(SolutionProperties) = preSolution
		HideSolutionNode = FALSE
	EndGlobalSection
	GlobalSection(ExtensibilityGlobals) = postSolution
		SolutionGuid = {7C034418-5ED5-41F7-853B-24FD29FB47C5}
	EndGlobalSection
EndGlobal
